
Microsoft Visual Studio Solution File, Format Version 12.00
# 
Project("{FAE04EC0-301F-11D3-BF4B-00C04F79EFBC}") = "SharpCorn", "SharpCorn\SharpCorn.csproj", "{8892001C-2B2E-457D-9DF6-A9DB9A4B87D6}"
EndProject
Project("{FAE04EC0-301F-11D3-BF4B-00C04F79EFBC}") = "Test", "Test\Test.csproj", "{2DA28CB3-AEA1-467B-9C70-14A3E7E8E6A2}"
EndProject
Project("{FAE04EC0-301F-11D3-BF4B-00C04F79EFBC}") = "SharpCorn.Abstractions", "SharpCorn.Abstractions\SharpCorn.Abstractions.csproj", "{44821EE8-01F3-488F-9D95-1AF44C2DF269}"
EndProject
Project("{FAE04EC0-301F-11D3-BF4B-00C04F79EFBC}") = "SharpCorn.Extensions", "SharpCorn.Extensions\SharpCorn.Extensions.csproj", "{AC0577B7-F7C1-45E1-91AE-6AF5B547B0B9}"
EndProject
Global
	GlobalSection(SolutionConfigurationPlatforms) = preSolution
		Debug|Any CPU = Debug|Any CPU
		Release|Any CPU = Release|Any CPU
	EndGlobalSection
	GlobalSection(ProjectConfigurationPlatforms) = postSolution
		{8892001C-2B2E-457D-9DF6-A9DB9A4B87D6}.Debug|Any CPU.ActiveCfg = Debug|Any CPU
		{8892001C-2B2E-457D-9DF6-A9DB9A4B87D6}.Debug|Any CPU.Build.0 = Debug|Any CPU
		{8892001C-2B2E-457D-9DF6-A9DB9A4B87D6}.Release|Any CPU.ActiveCfg = Release|Any CPU
		{8892001C-2B2E-457D-9DF6-A9DB9A4B87D6}.Release|Any CPU.Build.0 = Release|Any CPU
		{2DA28CB3-AEA1-467B-9C70-14A3E7E8E6A2}.Debug|Any CPU.ActiveCfg = Debug|Any CPU
		{2DA28CB3-AEA1-467B-9C70-14A3E7E8E6A2}.Debug|Any CPU.Build.0 = Debug|Any CPU
		{2DA28CB3-AEA1-467B-9C70-14A3E7E8E6A2}.Release|Any CPU.ActiveCfg = Release|Any CPU
		{2DA28CB3-AEA1-467B-9C70-14A3E7E8E6A2}.Release|Any CPU.Build.0 = Release|Any CPU
		{44821EE8-01F3-488F-9D95-1AF44C2DF269}.Debug|Any CPU.ActiveCfg = Debug|Any CPU
		{44821EE8-01F3-488F-9D95-1AF44C2DF269}.Debug|Any CPU.Build.0 = Debug|Any CPU
		{44821EE8-01F3-488F-9D95-1AF44C2DF269}.Release|Any CPU.ActiveCfg = Release|Any CPU
		{44821EE8-01F3-488F-9D95-1AF44C2DF269}.Release|Any CPU.Build.0 = Release|Any CPU
		{AC0577B7-F7C1-45E1-91AE-6AF5B547B0B9}.Debug|Any CPU.ActiveCfg = Debug|Any CPU
		{AC0577B7-F7C1-45E1-91AE-6AF5B547B0B9}.Debug|Any CPU.Build.0 = Debug|Any CPU
		{AC0577B7-F7C1-45E1-91AE-6AF5B547B0B9}.Release|Any CPU.ActiveCfg = Release|Any CPU
		{AC0577B7-F7C1-45E1-91AE-6AF5B547B0B9}.Release|Any CPU.Build.0 = Release|Any CPU
	EndGlobalSection
EndGlobal
